// !$*UTF8*$!
{
	archiveVersion = 1;
	classes = {
	};
	objectVersion = 56;
	objects = {

/* Begin PBXBuildFile section */
		DE9626C92C4521E400E30352 /* CaptureManager.swift in Sources */ = {isa = PBXBuildFile; fileRef = DE9626C82C4521E400E30352 /* CaptureManager.swift */; };
		DE9626CB2C4788A400E30352 /* VideoPreviewContainer.swift in Sources */ = {isa = PBXBuildFile; fileRef = DE9626CA2C4788A400E30352 /* VideoPreviewContainer.swift */; };
		DE9627072C49CDD600E30352 /* SplashScreenView.swift in Sources */ = {isa = PBXBuildFile; fileRef = DE9627042C49CDD600E30352 /* SplashScreenView.swift */; };
		DE9627102C4A0C1900E30352 /* ExerciseSessionView.swift in Sources */ = {isa = PBXBuildFile; fileRef = DE96270F2C4A0C1900E30352 /* ExerciseSessionView.swift */; };
		DE96271A2C4A64EE00E30352 /* OutputDelegate.swift in Sources */ = {isa = PBXBuildFile; fileRef = DE9627192C4A64EE00E30352 /* OutputDelegate.swift */; };
		DE96271C2C4A694D00E30352 /* Predictor.swift in Sources */ = {isa = PBXBuildFile; fileRef = DE96271B2C4A694D00E30352 /* Predictor.swift */; };
		DE96271E2C4AC55900E30352 /* Pose.swift in Sources */ = {isa = PBXBuildFile; fileRef = DE96271D2C4AC55900E30352 /* Pose.swift */; };
		DE9627202C4AC76A00E30352 /* ModelExtension.swift in Sources */ = {isa = PBXBuildFile; fileRef = DE96271F2C4AC76A00E30352 /* ModelExtension.swift */; };
		DE9627222C4AD04200E30352 /* ActionPrediction.swift in Sources */ = {isa = PBXBuildFile; fileRef = DE9627212C4AD04200E30352 /* ActionPrediction.swift */; };
		DEF17AD82C4B2A0B0044ECBB /* HelpMenuView.swift in Sources */ = {isa = PBXBuildFile; fileRef = DEF17AD62C4B2A0B0044ECBB /* HelpMenuView.swift */; };
		DEF17AD92C4B2A0B0044ECBB /* MainMenuView.swift in Sources */ = {isa = PBXBuildFile; fileRef = DEF17AD72C4B2A0B0044ECBB /* MainMenuView.swift */; };
		DEF17ADC2C4B34A80044ECBB /* Timer.swift in Sources */ = {isa = PBXBuildFile; fileRef = DEF17ADB2C4B34A80044ECBB /* Timer.swift */; };
		DEF17ADE2C4B3A590044ECBB /* PredictionSubscriber.swift in Sources */ = {isa = PBXBuildFile; fileRef = DEF17ADD2C4B3A590044ECBB /* PredictionSubscriber.swift */; };
		DEF17AE22C4B48AD0044ECBB /* jumping_jacks_model_1.01.mlpackage in Sources */ = {isa = PBXBuildFile; fileRef = DEF17AE12C4B48AD0044ECBB /* jumping_jacks_model_1.01.mlpackage */; };
		DEFB84062C40D6ED002BFB7E /* HackTheMoose_Exercise_App.swift in Sources */ = {isa = PBXBuildFile; fileRef = DEFB84052C40D6ED002BFB7E /* HackTheMoose_Exercise_App.swift */; };
		DEFB84082C40D6ED002BFB7E /* ContentView.swift in Sources */ = {isa = PBXBuildFile; fileRef = DEFB84072C40D6ED002BFB7E /* ContentView.swift */; };
		DEFB840A2C40D6EE002BFB7E /* Assets.xcassets in Resources */ = {isa = PBXBuildFile; fileRef = DEFB84092C40D6EE002BFB7E /* Assets.xcassets */; };
		DEFB840D2C40D6EE002BFB7E /* Preview Assets.xcassets in Resources */ = {isa = PBXBuildFile; fileRef = DEFB840C2C40D6EE002BFB7E /* Preview Assets.xcassets */; };
		DEFB84172C40D6EF002BFB7E /* HackTheMoose___Exercise_AppTests.swift in Sources */ = {isa = PBXBuildFile; fileRef = DEFB84162C40D6EF002BFB7E /* HackTheMoose___Exercise_AppTests.swift */; };
		DEFB84212C40D6EF002BFB7E /* HackTheMoose___Exercise_AppUITests.swift in Sources */ = {isa = PBXBuildFile; fileRef = DEFB84202C40D6EF002BFB7E /* HackTheMoose___Exercise_AppUITests.swift */; };
		DEFB84232C40D6EF002BFB7E /* HackTheMoose___Exercise_AppUITestsLaunchTests.swift in Sources */ = {isa = PBXBuildFile; fileRef = DEFB84222C40D6EF002BFB7E /* HackTheMoose___Exercise_AppUITestsLaunchTests.swift */; };
/* End PBXBuildFile section */

/* Begin PBXContainerItemProxy section */
		DEFB84132C40D6EF002BFB7E /* PBXContainerItemProxy */ = {
			isa = PBXContainerItemProxy;
			containerPortal = DEFB83FA2C40D6ED002BFB7E /* Project object */;
			proxyType = 1;
			remoteGlobalIDString = DEFB84012C40D6ED002BFB7E;
			remoteInfo = "HackTheMoose - Exercise App";
		};
		DEFB841D2C40D6EF002BFB7E /* PBXContainerItemProxy */ = {
			isa = PBXContainerItemProxy;
			containerPortal = DEFB83FA2C40D6ED002BFB7E /* Project object */;
			proxyType = 1;
			remoteGlobalIDString = DEFB84012C40D6ED002BFB7E;
			remoteInfo = "HackTheMoose - Exercise App";
		};
/* End PBXContainerItemProxy section */

/* Begin PBXFileReference section */
		DE9626C82C4521E400E30352 /* CaptureManager.swift */ = {isa = PBXFileReference; lastKnownFileType = sourcecode.swift; path = CaptureManager.swift; sourceTree = "<group>"; };
		DE9626CA2C4788A400E30352 /* VideoPreviewContainer.swift */ = {isa = PBXFileReference; lastKnownFileType = sourcecode.swift; path = VideoPreviewContainer.swift; sourceTree = "<group>"; };
		DE9627042C49CDD600E30352 /* SplashScreenView.swift */ = {isa = PBXFileReference; fileEncoding = 4; lastKnownFileType = sourcecode.swift; path = SplashScreenView.swift; sourceTree = "<group>"; };
		DE96270F2C4A0C1900E30352 /* ExerciseSessionView.swift */ = {isa = PBXFileReference; lastKnownFileType = sourcecode.swift; path = ExerciseSessionView.swift; sourceTree = "<group>"; };
		DE9627192C4A64EE00E30352 /* OutputDelegate.swift */ = {isa = PBXFileReference; lastKnownFileType = sourcecode.swift; path = OutputDelegate.swift; sourceTree = "<group>"; };
		DE96271B2C4A694D00E30352 /* Predictor.swift */ = {isa = PBXFileReference; lastKnownFileType = sourcecode.swift; path = Predictor.swift; sourceTree = "<group>"; };
		DE96271D2C4AC55900E30352 /* Pose.swift */ = {isa = PBXFileReference; lastKnownFileType = sourcecode.swift; path = Pose.swift; sourceTree = "<group>"; };
		DE96271F2C4AC76A00E30352 /* ModelExtension.swift */ = {isa = PBXFileReference; lastKnownFileType = sourcecode.swift; path = ModelExtension.swift; sourceTree = "<group>"; };
		DE9627212C4AD04200E30352 /* ActionPrediction.swift */ = {isa = PBXFileReference; fileEncoding = 4; lastKnownFileType = sourcecode.swift; name = ActionPrediction.swift; path = "../../../../../../Downloads/DetectingHumanActionsInALiveVideoFeed/GuessMyExercise/Action Classifier/ActionPrediction.swift"; sourceTree = "<group>"; };
		DEF17AD62C4B2A0B0044ECBB /* HelpMenuView.swift */ = {isa = PBXFileReference; fileEncoding = 4; lastKnownFileType = sourcecode.swift; path = HelpMenuView.swift; sourceTree = "<group>"; };
		DEF17AD72C4B2A0B0044ECBB /* MainMenuView.swift */ = {isa = PBXFileReference; fileEncoding = 4; lastKnownFileType = sourcecode.swift; path = MainMenuView.swift; sourceTree = "<group>"; };
		DEF17ADB2C4B34A80044ECBB /* Timer.swift */ = {isa = PBXFileReference; lastKnownFileType = sourcecode.swift; path = Timer.swift; sourceTree = "<group>"; };
		DEF17ADD2C4B3A590044ECBB /* PredictionSubscriber.swift */ = {isa = PBXFileReference; lastKnownFileType = sourcecode.swift; path = PredictionSubscriber.swift; sourceTree = "<group>"; };
		DEF17AE12C4B48AD0044ECBB /* jumping_jacks_model_1.01.mlpackage */ = {isa = PBXFileReference; lastKnownFileType = folder.mlpackage; name = jumping_jacks_model_1.01.mlpackage; path = ../../../../jumping_jacks_model_1.01.mlpackage; sourceTree = "<group>"; };
		DEFB84022C40D6ED002BFB7E /* HackTheMoose_Exercise.app */ = {isa = PBXFileReference; explicitFileType = wrapper.application; includeInIndex = 0; path = HackTheMoose_Exercise.app; sourceTree = BUILT_PRODUCTS_DIR; };
		DEFB84052C40D6ED002BFB7E /* HackTheMoose_Exercise_App.swift */ = {isa = PBXFileReference; lastKnownFileType = sourcecode.swift; path = HackTheMoose_Exercise_App.swift; sourceTree = "<group>"; };
		DEFB84072C40D6ED002BFB7E /* ContentView.swift */ = {isa = PBXFileReference; lastKnownFileType = sourcecode.swift; path = ContentView.swift; sourceTree = "<group>"; };
		DEFB84092C40D6EE002BFB7E /* Assets.xcassets */ = {isa = PBXFileReference; lastKnownFileType = folder.assetcatalog; path = Assets.xcassets; sourceTree = "<group>"; };
		DEFB840C2C40D6EE002BFB7E /* Preview Assets.xcassets */ = {isa = PBXFileReference; lastKnownFileType = folder.assetcatalog; path = "Preview Assets.xcassets"; sourceTree = "<group>"; };
		DEFB84122C40D6EF002BFB7E /* HackTheMoose_ExerciseTests.xctest */ = {isa = PBXFileReference; explicitFileType = wrapper.cfbundle; includeInIndex = 0; path = HackTheMoose_ExerciseTests.xctest; sourceTree = BUILT_PRODUCTS_DIR; };
		DEFB84162C40D6EF002BFB7E /* HackTheMoose___Exercise_AppTests.swift */ = {isa = PBXFileReference; lastKnownFileType = sourcecode.swift; path = "HackTheMoose___Exercise_AppTests.swift"; sourceTree = "<group>"; };
		DEFB841C2C40D6EF002BFB7E /* HackTheMoose_ExerciseUITests.xctest */ = {isa = PBXFileReference; explicitFileType = wrapper.cfbundle; includeInIndex = 0; path = HackTheMoose_ExerciseUITests.xctest; sourceTree = BUILT_PRODUCTS_DIR; };
		DEFB84202C40D6EF002BFB7E /* HackTheMoose___Exercise_AppUITests.swift */ = {isa = PBXFileReference; lastKnownFileType = sourcecode.swift; path = "HackTheMoose___Exercise_AppUITests.swift"; sourceTree = "<group>"; };
		DEFB84222C40D6EF002BFB7E /* HackTheMoose___Exercise_AppUITestsLaunchTests.swift */ = {isa = PBXFileReference; lastKnownFileType = sourcecode.swift; path = "HackTheMoose___Exercise_AppUITestsLaunchTests.swift"; sourceTree = "<group>"; };
/* End PBXFileReference section */

/* Begin PBXFrameworksBuildPhase section */
		DEFB83FF2C40D6ED002BFB7E /* Frameworks */ = {
			isa = PBXFrameworksBuildPhase;
			buildActionMask = 2147483647;
			files = (
			);
			runOnlyForDeploymentPostprocessing = 0;
		};
		DEFB840F2C40D6EF002BFB7E /* Frameworks */ = {
			isa = PBXFrameworksBuildPhase;
			buildActionMask = 2147483647;
			files = (
			);
			runOnlyForDeploymentPostprocessing = 0;
		};
		DEFB84192C40D6EF002BFB7E /* Frameworks */ = {
			isa = PBXFrameworksBuildPhase;
			buildActionMask = 2147483647;
			files = (
			);
			runOnlyForDeploymentPostprocessing = 0;
		};
/* End PBXFrameworksBuildPhase section */

/* Begin PBXGroup section */
		DE9627112C4A0C2200E30352 /* Views */ = {
			isa = PBXGroup;
			children = (
				DEFB84072C40D6ED002BFB7E /* ContentView.swift */,
				DE9627042C49CDD600E30352 /* SplashScreenView.swift */,
				DE96270F2C4A0C1900E30352 /* ExerciseSessionView.swift */,
				DEF17AD62C4B2A0B0044ECBB /* HelpMenuView.swift */,
				DEF17AD72C4B2A0B0044ECBB /* MainMenuView.swift */,
			);
			path = Views;
			sourceTree = "<group>";
		};
		DE9627122C4A200C00E30352 /* Exercise ML Model */ = {
			isa = PBXGroup;
			children = (
				DE96271D2C4AC55900E30352 /* Pose.swift */,
				DE96271B2C4A694D00E30352 /* Predictor.swift */,
				DE9627212C4AD04200E30352 /* ActionPrediction.swift */,
				DEF17AE12C4B48AD0044ECBB /* jumping_jacks_model_1.01.mlpackage */,
				DE96271F2C4AC76A00E30352 /* ModelExtension.swift */,
			);
			path = "Exercise ML Model";
			sourceTree = "<group>";
		};
		DEF17ADA2C4B34850044ECBB /* Utils */ = {
			isa = PBXGroup;
			children = (
				DE9626C82C4521E400E30352 /* CaptureManager.swift */,
				DE9626CA2C4788A400E30352 /* VideoPreviewContainer.swift */,
				DE9627192C4A64EE00E30352 /* OutputDelegate.swift */,
				DEF17ADB2C4B34A80044ECBB /* Timer.swift */,
				DEF17ADD2C4B3A590044ECBB /* PredictionSubscriber.swift */,
			);
			path = Utils;
			sourceTree = "<group>";
		};
		DEFB83F92C40D6ED002BFB7E = {
			isa = PBXGroup;
			children = (
				DEFB84042C40D6ED002BFB7E /* HackTheMoose - Exercise App */,
				DEFB84152C40D6EF002BFB7E /* HackTheMoose - Exercise AppTests */,
				DEFB841F2C40D6EF002BFB7E /* HackTheMoose - Exercise AppUITests */,
				DEFB84032C40D6ED002BFB7E /* Products */,
			);
			sourceTree = "<group>";
		};
		DEFB84032C40D6ED002BFB7E /* Products */ = {
			isa = PBXGroup;
			children = (
				DEFB84022C40D6ED002BFB7E /* HackTheMoose_Exercise.app */,
				DEFB84122C40D6EF002BFB7E /* HackTheMoose_ExerciseTests.xctest */,
				DEFB841C2C40D6EF002BFB7E /* HackTheMoose_ExerciseUITests.xctest */,
			);
			name = Products;
			sourceTree = "<group>";
		};
		DEFB84042C40D6ED002BFB7E /* HackTheMoose - Exercise App */ = {
			isa = PBXGroup;
			children = (
				DEF17ADA2C4B34850044ECBB /* Utils */,
				DE9627122C4A200C00E30352 /* Exercise ML Model */,
				DE9627112C4A0C2200E30352 /* Views */,
				DEFB84052C40D6ED002BFB7E /* HackTheMoose_Exercise_App.swift */,
				DEFB84092C40D6EE002BFB7E /* Assets.xcassets */,
				DEFB840B2C40D6EE002BFB7E /* Preview Content */,
			);
			path = "HackTheMoose - Exercise App";
			sourceTree = "<group>";
		};
		DEFB840B2C40D6EE002BFB7E /* Preview Content */ = {
			isa = PBXGroup;
			children = (
				DEFB840C2C40D6EE002BFB7E /* Preview Assets.xcassets */,
			);
			path = "Preview Content";
			sourceTree = "<group>";
		};
		DEFB84152C40D6EF002BFB7E /* HackTheMoose - Exercise AppTests */ = {
			isa = PBXGroup;
			children = (
				DEFB84162C40D6EF002BFB7E /* HackTheMoose___Exercise_AppTests.swift */,
			);
			path = "HackTheMoose - Exercise AppTests";
			sourceTree = "<group>";
		};
		DEFB841F2C40D6EF002BFB7E /* HackTheMoose - Exercise AppUITests */ = {
			isa = PBXGroup;
			children = (
				DEFB84202C40D6EF002BFB7E /* HackTheMoose___Exercise_AppUITests.swift */,
				DEFB84222C40D6EF002BFB7E /* HackTheMoose___Exercise_AppUITestsLaunchTests.swift */,
			);
			path = "HackTheMoose - Exercise AppUITests";
			sourceTree = "<group>";
		};
/* End PBXGroup section */

/* Begin PBXNativeTarget section */
		DEFB84012C40D6ED002BFB7E /* HackTheMoose_Exercise */ = {
			isa = PBXNativeTarget;
			buildConfigurationList = DEFB84262C40D6EF002BFB7E /* Build configuration list for PBXNativeTarget "HackTheMoose_Exercise" */;
			buildPhases = (
				DEFB83FE2C40D6ED002BFB7E /* Sources */,
				DEFB83FF2C40D6ED002BFB7E /* Frameworks */,
				DEFB84002C40D6ED002BFB7E /* Resources */,
			);
			buildRules = (
			);
			dependencies = (
			);
			name = HackTheMoose_Exercise;
			productName = "HackTheMoose - Exercise App";
			productReference = DEFB84022C40D6ED002BFB7E /* HackTheMoose_Exercise.app */;
			productType = "com.apple.product-type.application";
		};
		DEFB84112C40D6EF002BFB7E /* HackTheMoose_ExerciseTests */ = {
			isa = PBXNativeTarget;
			buildConfigurationList = DEFB84292C40D6EF002BFB7E /* Build configuration list for PBXNativeTarget "HackTheMoose_ExerciseTests" */;
			buildPhases = (
				DEFB840E2C40D6EF002BFB7E /* Sources */,
				DEFB840F2C40D6EF002BFB7E /* Frameworks */,
				DEFB84102C40D6EF002BFB7E /* Resources */,
			);
			buildRules = (
			);
			dependencies = (
				DEFB84142C40D6EF002BFB7E /* PBXTargetDependency */,
			);
			name = HackTheMoose_ExerciseTests;
			productName = "HackTheMoose - Exercise AppTests";
			productReference = DEFB84122C40D6EF002BFB7E /* HackTheMoose_ExerciseTests.xctest */;
			productType = "com.apple.product-type.bundle.unit-test";
		};
		DEFB841B2C40D6EF002BFB7E /* HackTheMoose_ExerciseUITests */ = {
			isa = PBXNativeTarget;
			buildConfigurationList = DEFB842C2C40D6EF002BFB7E /* Build configuration list for PBXNativeTarget "HackTheMoose_ExerciseUITests" */;
			buildPhases = (
				DEFB84182C40D6EF002BFB7E /* Sources */,
				DEFB84192C40D6EF002BFB7E /* Frameworks */,
				DEFB841A2C40D6EF002BFB7E /* Resources */,
			);
			buildRules = (
			);
			dependencies = (
				DEFB841E2C40D6EF002BFB7E /* PBXTargetDependency */,
			);
			name = HackTheMoose_ExerciseUITests;
			productName = "HackTheMoose - Exercise AppUITests";
			productReference = DEFB841C2C40D6EF002BFB7E /* HackTheMoose_ExerciseUITests.xctest */;
			productType = "com.apple.product-type.bundle.ui-testing";
		};
/* End PBXNativeTarget section */

/* Begin PBXProject section */
		DEFB83FA2C40D6ED002BFB7E /* Project object */ = {
			isa = PBXProject;
			attributes = {
				BuildIndependentTargetsInParallel = 1;
				LastSwiftUpdateCheck = 1520;
				LastUpgradeCheck = 1520;
				TargetAttributes = {
					DEFB84012C40D6ED002BFB7E = {
						CreatedOnToolsVersion = 15.2;
					};
					DEFB84112C40D6EF002BFB7E = {
						CreatedOnToolsVersion = 15.2;
						TestTargetID = DEFB84012C40D6ED002BFB7E;
					};
					DEFB841B2C40D6EF002BFB7E = {
						CreatedOnToolsVersion = 15.2;
						TestTargetID = DEFB84012C40D6ED002BFB7E;
					};
				};
			};
			buildConfigurationList = DEFB83FD2C40D6ED002BFB7E /* Build configuration list for PBXProject "HackTheMoose_Exercise" */;
			compatibilityVersion = "Xcode 14.0";
			developmentRegion = en;
			hasScannedForEncodings = 0;
			knownRegions = (
				en,
				Base,
			);
			mainGroup = DEFB83F92C40D6ED002BFB7E;
			productRefGroup = DEFB84032C40D6ED002BFB7E /* Products */;
			projectDirPath = "";
			projectRoot = "";
			targets = (
				DEFB84012C40D6ED002BFB7E /* HackTheMoose_Exercise */,
				DEFB84112C40D6EF002BFB7E /* HackTheMoose_ExerciseTests */,
				DEFB841B2C40D6EF002BFB7E /* HackTheMoose_ExerciseUITests */,
			);
		};
/* End PBXProject section */

/* Begin PBXResourcesBuildPhase section */
		DEFB84002C40D6ED002BFB7E /* Resources */ = {
			isa = PBXResourcesBuildPhase;
			buildActionMask = 2147483647;
			files = (
				DEFB840D2C40D6EE002BFB7E /* Preview Assets.xcassets in Resources */,
				DEFB840A2C40D6EE002BFB7E /* Assets.xcassets in Resources */,
			);
			runOnlyForDeploymentPostprocessing = 0;
		};
		DEFB84102C40D6EF002BFB7E /* Resources */ = {
			isa = PBXResourcesBuildPhase;
			buildActionMask = 2147483647;
			files = (
			);
			runOnlyForDeploymentPostprocessing = 0;
		};
		DEFB841A2C40D6EF002BFB7E /* Resources */ = {
			isa = PBXResourcesBuildPhase;
			buildActionMask = 2147483647;
			files = (
			);
			runOnlyForDeploymentPostprocessing = 0;
		};
/* End PBXResourcesBuildPhase section */

/* Begin PBXSourcesBuildPhase section */
		DEFB83FE2C40D6ED002BFB7E /* Sources */ = {
			isa = PBXSourcesBuildPhase;
			buildActionMask = 2147483647;
			files = (
				DE9627222C4AD04200E30352 /* ActionPrediction.swift in Sources */,
				DEF17AE22C4B48AD0044ECBB /* jumping_jacks_model_1.01.mlpackage in Sources */,
				DEF17AD82C4B2A0B0044ECBB /* HelpMenuView.swift in Sources */,
				DE96271C2C4A694D00E30352 /* Predictor.swift in Sources */,
				DEF17ADC2C4B34A80044ECBB /* Timer.swift in Sources */,
				DE9626CB2C4788A400E30352 /* VideoPreviewContainer.swift in Sources */,
				DE96271A2C4A64EE00E30352 /* OutputDelegate.swift in Sources */,
				DEFB84082C40D6ED002BFB7E /* ContentView.swift in Sources */,
				DE9627072C49CDD600E30352 /* SplashScreenView.swift in Sources */,
				DEFB84062C40D6ED002BFB7E /* HackTheMoose_Exercise_App.swift in Sources */,
				DEF17AD92C4B2A0B0044ECBB /* MainMenuView.swift in Sources */,
				DE9627102C4A0C1900E30352 /* ExerciseSessionView.swift in Sources */,
				DE96271E2C4AC55900E30352 /* Pose.swift in Sources */,
				DE9627202C4AC76A00E30352 /* ModelExtension.swift in Sources */,
				DE9626C92C4521E400E30352 /* CaptureManager.swift in Sources */,
				DEF17ADE2C4B3A590044ECBB /* PredictionSubscriber.swift in Sources */,
			);
			runOnlyForDeploymentPostprocessing = 0;
		};
		DEFB840E2C40D6EF002BFB7E /* Sources */ = {
			isa = PBXSourcesBuildPhase;
			buildActionMask = 2147483647;
			files = (
				DEFB84172C40D6EF002BFB7E /* HackTheMoose___Exercise_AppTests.swift in Sources */,
			);
			runOnlyForDeploymentPostprocessing = 0;
		};
		DEFB84182C40D6EF002BFB7E /* Sources */ = {
			isa = PBXSourcesBuildPhase;
			buildActionMask = 2147483647;
			files = (
				DEFB84212C40D6EF002BFB7E /* HackTheMoose___Exercise_AppUITests.swift in Sources */,
				DEFB84232C40D6EF002BFB7E /* HackTheMoose___Exercise_AppUITestsLaunchTests.swift in Sources */,
			);
			runOnlyForDeploymentPostprocessing = 0;
		};
/* End PBXSourcesBuildPhase section */

/* Begin PBXTargetDependency section */
		DEFB84142C40D6EF002BFB7E /* PBXTargetDependency */ = {
			isa = PBXTargetDependency;
			target = DEFB84012C40D6ED002BFB7E /* HackTheMoose_Exercise */;
			targetProxy = DEFB84132C40D6EF002BFB7E /* PBXContainerItemProxy */;
		};
		DEFB841E2C40D6EF002BFB7E /* PBXTargetDependency */ = {
			isa = PBXTargetDependency;
			target = DEFB84012C40D6ED002BFB7E /* HackTheMoose_Exercise */;
			targetProxy = DEFB841D2C40D6EF002BFB7E /* PBXContainerItemProxy */;
		};
/* End PBXTargetDependency section */

/* Begin XCBuildConfiguration section */
		DEFB84242C40D6EF002BFB7E /* Debug */ = {
			isa = XCBuildConfiguration;
			buildSettings = {
				ALWAYS_SEARCH_USER_PATHS = NO;
				ASSETCATALOG_COMPILER_GENERATE_SWIFT_ASSET_SYMBOL_EXTENSIONS = YES;
				CLANG_ANALYZER_NONNULL = YES;
				CLANG_ANALYZER_NUMBER_OBJECT_CONVERSION = YES_AGGRESSIVE;
				CLANG_CXX_LANGUAGE_STANDARD = "gnu++20";
				CLANG_ENABLE_MODULES = YES;
				CLANG_ENABLE_OBJC_ARC = YES;
				CLANG_ENABLE_OBJC_WEAK = YES;
				CLANG_WARN_BLOCK_CAPTURE_AUTORELEASING = YES;
				CLANG_WARN_BOOL_CONVERSION = YES;
				CLANG_WARN_COMMA = YES;
				CLANG_WARN_CONSTANT_CONVERSION = YES;
				CLANG_WARN_DEPRECATED_OBJC_IMPLEMENTATIONS = YES;
				CLANG_WARN_DIRECT_OBJC_ISA_USAGE = YES_ERROR;
				CLANG_WARN_DOCUMENTATION_COMMENTS = YES;
				CLANG_WARN_EMPTY_BODY = YES;
				CLANG_WARN_ENUM_CONVERSION = YES;
				CLANG_WARN_INFINITE_RECURSION = YES;
				CLANG_WARN_INT_CONVERSION = YES;
				CLANG_WARN_NON_LITERAL_NULL_CONVERSION = YES;
				CLANG_WARN_OBJC_IMPLICIT_RETAIN_SELF = YES;
				CLANG_WARN_OBJC_LITERAL_CONVERSION = YES;
				CLANG_WARN_OBJC_ROOT_CLASS = YES_ERROR;
				CLANG_WARN_QUOTED_INCLUDE_IN_FRAMEWORK_HEADER = YES;
				CLANG_WARN_RANGE_LOOP_ANALYSIS = YES;
				CLANG_WARN_STRICT_PROTOTYPES = YES;
				CLANG_WARN_SUSPICIOUS_MOVE = YES;
				CLANG_WARN_UNGUARDED_AVAILABILITY = YES_AGGRESSIVE;
				CLANG_WARN_UNREACHABLE_CODE = YES;
				CLANG_WARN__DUPLICATE_METHOD_MATCH = YES;
				COPY_PHASE_STRIP = NO;
				DEBUG_INFORMATION_FORMAT = dwarf;
				ENABLE_STRICT_OBJC_MSGSEND = YES;
				ENABLE_TESTABILITY = YES;
				ENABLE_USER_SCRIPT_SANDBOXING = YES;
				GCC_C_LANGUAGE_STANDARD = gnu17;
				GCC_DYNAMIC_NO_PIC = NO;
				GCC_NO_COMMON_BLOCKS = YES;
				GCC_OPTIMIZATION_LEVEL = 0;
				GCC_PREPROCESSOR_DEFINITIONS = (
					"DEBUG=1",
					"$(inherited)",
				);
				GCC_WARN_64_TO_32_BIT_CONVERSION = YES;
				GCC_WARN_ABOUT_RETURN_TYPE = YES_ERROR;
				GCC_WARN_UNDECLARED_SELECTOR = YES;
				GCC_WARN_UNINITIALIZED_AUTOS = YES_AGGRESSIVE;
				GCC_WARN_UNUSED_FUNCTION = YES;
				GCC_WARN_UNUSED_VARIABLE = YES;
				IPHONEOS_DEPLOYMENT_TARGET = 17.2;
				LOCALIZATION_PREFERS_STRING_CATALOGS = YES;
				MTL_ENABLE_DEBUG_INFO = INCLUDE_SOURCE;
				MTL_FAST_MATH = YES;
				ONLY_ACTIVE_ARCH = YES;
				SDKROOT = iphoneos;
				SWIFT_ACTIVE_COMPILATION_CONDITIONS = "DEBUG $(inherited)";
				SWIFT_OPTIMIZATION_LEVEL = "-Onone";
			};
			name = Debug;
		};
		DEFB84252C40D6EF002BFB7E /* Release */ = {
			isa = XCBuildConfiguration;
			buildSettings = {
				ALWAYS_SEARCH_USER_PATHS = NO;
				ASSETCATALOG_COMPILER_GENERATE_SWIFT_ASSET_SYMBOL_EXTENSIONS = YES;
				CLANG_ANALYZER_NONNULL = YES;
				CLANG_ANALYZER_NUMBER_OBJECT_CONVERSION = YES_AGGRESSIVE;
				CLANG_CXX_LANGUAGE_STANDARD = "gnu++20";
				CLANG_ENABLE_MODULES = YES;
				CLANG_ENABLE_OBJC_ARC = YES;
				CLANG_ENABLE_OBJC_WEAK = YES;
				CLANG_WARN_BLOCK_CAPTURE_AUTORELEASING = YES;
				CLANG_WARN_BOOL_CONVERSION = YES;
				CLANG_WARN_COMMA = YES;
				CLANG_WARN_CONSTANT_CONVERSION = YES;
				CLANG_WARN_DEPRECATED_OBJC_IMPLEMENTATIONS = YES;
				CLANG_WARN_DIRECT_OBJC_ISA_USAGE = YES_ERROR;
				CLANG_WARN_DOCUMENTATION_COMMENTS = YES;
				CLANG_WARN_EMPTY_BODY = YES;
				CLANG_WARN_ENUM_CONVERSION = YES;
				CLANG_WARN_INFINITE_RECURSION = YES;
				CLANG_WARN_INT_CONVERSION = YES;
				CLANG_WARN_NON_LITERAL_NULL_CONVERSION = YES;
				CLANG_WARN_OBJC_IMPLICIT_RETAIN_SELF = YES;
				CLANG_WARN_OBJC_LITERAL_CONVERSION = YES;
				CLANG_WARN_OBJC_ROOT_CLASS = YES_ERROR;
				CLANG_WARN_QUOTED_INCLUDE_IN_FRAMEWORK_HEADER = YES;
				CLANG_WARN_RANGE_LOOP_ANALYSIS = YES;
				CLANG_WARN_STRICT_PROTOTYPES = YES;
				CLANG_WARN_SUSPICIOUS_MOVE = YES;
				CLANG_WARN_UNGUARDED_AVAILABILITY = YES_AGGRESSIVE;
				CLANG_WARN_UNREACHABLE_CODE = YES;
				CLANG_WARN__DUPLICATE_METHOD_MATCH = YES;
				COPY_PHASE_STRIP = NO;
				DEBUG_INFORMATION_FORMAT = "dwarf-with-dsym";
				ENABLE_NS_ASSERTIONS = NO;
				ENABLE_STRICT_OBJC_MSGSEND = YES;
				ENABLE_USER_SCRIPT_SANDBOXING = YES;
				GCC_C_LANGUAGE_STANDARD = gnu17;
				GCC_NO_COMMON_BLOCKS = YES;
				GCC_WARN_64_TO_32_BIT_CONVERSION = YES;
				GCC_WARN_ABOUT_RETURN_TYPE = YES_ERROR;
				GCC_WARN_UNDECLARED_SELECTOR = YES;
				GCC_WARN_UNINITIALIZED_AUTOS = YES_AGGRESSIVE;
				GCC_WARN_UNUSED_FUNCTION = YES;
				GCC_WARN_UNUSED_VARIABLE = YES;
				IPHONEOS_DEPLOYMENT_TARGET = 17.2;
				LOCALIZATION_PREFERS_STRING_CATALOGS = YES;
				MTL_ENABLE_DEBUG_INFO = NO;
				MTL_FAST_MATH = YES;
				SDKROOT = iphoneos;
				SWIFT_COMPILATION_MODE = wholemodule;
				VALIDATE_PRODUCT = YES;
			};
			name = Release;
		};
		DEFB84272C40D6EF002BFB7E /* Debug */ = {
			isa = XCBuildConfiguration;
			buildSettings = {
				ASSETCATALOG_COMPILER_APPICON_NAME = AppIcon;
				ASSETCATALOG_COMPILER_GLOBAL_ACCENT_COLOR_NAME = AccentColor;
				CODE_SIGN_STYLE = Automatic;
				CURRENT_PROJECT_VERSION = 1;
				DEVELOPMENT_ASSET_PATHS = "\"HackTheMoose - Exercise App/Preview Content\"";
				DEVELOPMENT_TEAM = ZBS5RB5JK4;
				ENABLE_PREVIEWS = YES;
				GENERATE_INFOPLIST_FILE = YES;
				INFOPLIST_KEY_NSCameraUsageDescription = "camera for recognition";
				INFOPLIST_KEY_UIApplicationSceneManifest_Generation = YES;
				INFOPLIST_KEY_UIApplicationSupportsIndirectInputEvents = YES;
				INFOPLIST_KEY_UILaunchScreen_Generation = YES;
				INFOPLIST_KEY_UISupportedInterfaceOrientations_iPad = "UIInterfaceOrientationPortrait UIInterfaceOrientationPortraitUpsideDown UIInterfaceOrientationLandscapeLeft UIInterfaceOrientationLandscapeRight";
				INFOPLIST_KEY_UISupportedInterfaceOrientations_iPhone = "UIInterfaceOrientationPortrait UIInterfaceOrientationLandscapeLeft UIInterfaceOrientationLandscapeRight";
				LD_RUNPATH_SEARCH_PATHS = (
					"$(inherited)",
					"@executable_path/Frameworks",
				);
				MARKETING_VERSION = 1.0;
				PRODUCT_BUNDLE_IDENTIFIER = "com.cen10coders.HackTheMoose---Exercise-App";
				PRODUCT_NAME = "$(TARGET_NAME)";
				SWIFT_EMIT_LOC_STRINGS = YES;
				SWIFT_VERSION = 5.0;
				TARGETED_DEVICE_FAMILY = "1,2";
			};
			name = Debug;
		};
		DEFB84282C40D6EF002BFB7E /* Release */ = {
			isa = XCBuildConfiguration;
			buildSettings = {
				ASSETCATALOG_COMPILER_APPICON_NAME = AppIcon;
				ASSETCATALOG_COMPILER_GLOBAL_ACCENT_COLOR_NAME = AccentColor;
				CODE_SIGN_STYLE = Automatic;
				CURRENT_PROJECT_VERSION = 1;
				DEVELOPMENT_ASSET_PATHS = "\"HackTheMoose - Exercise App/Preview Content\"";
				DEVELOPMENT_TEAM = ZBS5RB5JK4;
				ENABLE_PREVIEWS = YES;
				GENERATE_INFOPLIST_FILE = YES;
				INFOPLIST_KEY_NSCameraUsageDescription = "camera for recognition";
				INFOPLIST_KEY_UIApplicationSceneManifest_Generation = YES;
				INFOPLIST_KEY_UIApplicationSupportsIndirectInputEvents = YES;
				INFOPLIST_KEY_UILaunchScreen_Generation = YES;
				INFOPLIST_KEY_UISupportedInterfaceOrientations_iPad = "UIInterfaceOrientationPortrait UIInterfaceOrientationPortraitUpsideDown UIInterfaceOrientationLandscapeLeft UIInterfaceOrientationLandscapeRight";
				INFOPLIST_KEY_UISupportedInterfaceOrientations_iPhone = "UIInterfaceOrientationPortrait UIInterfaceOrientationLandscapeLeft UIInterfaceOrientationLandscapeRight";
				LD_RUNPATH_SEARCH_PATHS = (
					"$(inherited)",
					"@executable_path/Frameworks",
				);
				MARKETING_VERSION = 1.0;
				PRODUCT_BUNDLE_IDENTIFIER = "com.cen10coders.HackTheMoose---Exercise-App";
				PRODUCT_NAME = "$(TARGET_NAME)";
				SWIFT_EMIT_LOC_STRINGS = YES;
				SWIFT_VERSION = 5.0;
				TARGETED_DEVICE_FAMILY = "1,2";
			};
			name = Release;
		};
		DEFB842A2C40D6EF002BFB7E /* Debug */ = {
			isa = XCBuildConfiguration;
			buildSettings = {
				ALWAYS_EMBED_SWIFT_STANDARD_LIBRARIES = YES;
				BUNDLE_LOADER = "$(TEST_HOST)";
				CODE_SIGN_STYLE = Automatic;
				CURRENT_PROJECT_VERSION = 1;
				DEVELOPMENT_TEAM = ZBS5RB5JK4;
				GENERATE_INFOPLIST_FILE = YES;
				IPHONEOS_DEPLOYMENT_TARGET = 17.2;
				MARKETING_VERSION = 1.0;
				PRODUCT_BUNDLE_IDENTIFIER = "com.cen10coders.HackTheMoose---Exercise-AppTests";
				PRODUCT_NAME = "$(TARGET_NAME)";
				SWIFT_EMIT_LOC_STRINGS = NO;
				SWIFT_VERSION = 5.0;
				TARGETED_DEVICE_FAMILY = "1,2";
				TEST_HOST = "$(BUILT_PRODUCTS_DIR)/HackTheMoose_Exercise.app/$(BUNDLE_EXECUTABLE_FOLDER_PATH)/HackTheMoose_Exercise";
			};
			name = Debug;
		};
		DEFB842B2C40D6EF002BFB7E /* Release */ = {
			isa = XCBuildConfiguration;
			buildSettings = {
				ALWAYS_EMBED_SWIFT_STANDARD_LIBRARIES = YES;
				BUNDLE_LOADER = "$(TEST_HOST)";
				CODE_SIGN_STYLE = Automatic;
				CURRENT_PROJECT_VERSION = 1;
				DEVELOPMENT_TEAM = ZBS5RB5JK4;
				GENERATE_INFOPLIST_FILE = YES;
				IPHONEOS_DEPLOYMENT_TARGET = 17.2;
				MARKETING_VERSION = 1.0;
				PRODUCT_BUNDLE_IDENTIFIER = "com.cen10coders.HackTheMoose---Exercise-AppTests";
				PRODUCT_NAME = "$(TARGET_NAME)";
				SWIFT_EMIT_LOC_STRINGS = NO;
				SWIFT_VERSION = 5.0;
				TARGETED_DEVICE_FAMILY = "1,2";
				TEST_HOST = "$(BUILT_PRODUCTS_DIR)/HackTheMoose_Exercise.app/$(BUNDLE_EXECUTABLE_FOLDER_PATH)/HackTheMoose_Exercise";
			};
			name = Release;
		};
		DEFB842D2C40D6EF002BFB7E /* Debug */ = {
			isa = XCBuildConfiguration;
			buildSettings = {
				ALWAYS_EMBED_SWIFT_STANDARD_LIBRARIES = YES;
				CODE_SIGN_STYLE = Automatic;
				CURRENT_PROJECT_VERSION = 1;
				DEVELOPMENT_TEAM = ZBS5RB5JK4;
				GENERATE_INFOPLIST_FILE = YES;
				MARKETING_VERSION = 1.0;
				PRODUCT_BUNDLE_IDENTIFIER = "com.cen10coders.HackTheMoose---Exercise-AppUITests";
				PRODUCT_NAME = "$(TARGET_NAME)";
				SWIFT_EMIT_LOC_STRINGS = NO;
				SWIFT_VERSION = 5.0;
				TARGETED_DEVICE_FAMILY = "1,2";
				TEST_TARGET_NAME = "HackTheMoose - Exercise App";
			};
			name = Debug;
		};
		DEFB842E2C40D6EF002BFB7E /* Release */ = {
			isa = XCBuildConfiguration;
			buildSettings = {
				ALWAYS_EMBED_SWIFT_STANDARD_LIBRARIES = YES;
				CODE_SIGN_STYLE = Automatic;
				CURRENT_PROJECT_VERSION = 1;
				DEVELOPMENT_TEAM = ZBS5RB5JK4;
				GENERATE_INFOPLIST_FILE = YES;
				MARKETING_VERSION = 1.0;
				PRODUCT_BUNDLE_IDENTIFIER = "com.cen10coders.HackTheMoose---Exercise-AppUITests";
				PRODUCT_NAME = "$(TARGET_NAME)";
				SWIFT_EMIT_LOC_STRINGS = NO;
				SWIFT_VERSION = 5.0;
				TARGETED_DEVICE_FAMILY = "1,2";
				TEST_TARGET_NAME = "HackTheMoose - Exercise App";
			};
			name = Release;
		};
/* End XCBuildConfiguration section */

/* Begin XCConfigurationList section */
		DEFB83FD2C40D6ED002BFB7E /* Build configuration list for PBXProject "HackTheMoose_Exercise" */ = {
			isa = XCConfigurationList;
			buildConfigurations = (
				DEFB84242C40D6EF002BFB7E /* Debug */,
				DEFB84252C40D6EF002BFB7E /* Release */,
			);
			defaultConfigurationIsVisible = 0;
			defaultConfigurationName = Release;
		};
		DEFB84262C40D6EF002BFB7E /* Build configuration list for PBXNativeTarget "HackTheMoose_Exercise" */ = {
			isa = XCConfigurationList;
			buildConfigurations = (
				DEFB84272C40D6EF002BFB7E /* Debug */,
				DEFB84282C40D6EF002BFB7E /* Release */,
			);
			defaultConfigurationIsVisible = 0;
			defaultConfigurationName = Release;
		};
		DEFB84292C40D6EF002BFB7E /* Build configuration list for PBXNativeTarget "HackTheMoose_ExerciseTests" */ = {
			isa = XCConfigurationList;
			buildConfigurations = (
				DEFB842A2C40D6EF002BFB7E /* Debug */,
				DEFB842B2C40D6EF002BFB7E /* Release */,
			);
			defaultConfigurationIsVisible = 0;
			defaultConfigurationName = Release;
		};
		DEFB842C2C40D6EF002BFB7E /* Build configuration list for PBXNativeTarget "HackTheMoose_ExerciseUITests" */ = {
			isa = XCConfigurationList;
			buildConfigurations = (
				DEFB842D2C40D6EF002BFB7E /* Debug */,
				DEFB842E2C40D6EF002BFB7E /* Release */,
			);
			defaultConfigurationIsVisible = 0;
			defaultConfigurationName = Release;
		};
/* End XCConfigurationList section */
	};
	rootObject = DEFB83FA2C40D6ED002BFB7E /* Project object */;
}
